
Microsoft Visual Studio Solution File, Format Version 12.00
# Visual Studio 2013
VisualStudioVersion = 12.0.21005.1
MinimumVisualStudioVersion = 10.0.40219.1
Project("{8BC9CEB8-8B4A-11D0-8D11-00A0C91BC942}") = "FLVParserLib", "FLVParserLib\FLVParserLib.vcxproj", "{32B81350-B29A-4140-9C40-7C40444875AD}"
EndProject
Project("{8BC9CEB8-8B4A-11D0-8D11-00A0C91BC942}") = "ConsoleTest", "ConsoleTest\ConsoleTest.vcxproj", "{2050A311-17F2-45C8-96BC-14AE41F86CD2}"
	ProjectSection(ProjectDependencies) = postProject
		{32B81350-B29A-4140-9C40-7C40444875AD} = {32B81350-B29A-4140-9C40-7C40444875AD}
	EndProjectSection
EndProject
Project("{8BC9CEB8-8B4A-11D0-8D11-00A0C91BC942}") = "MP4ParserLib", "MP4ParserLib\MP4ParserLib.vcxproj", "{98FFFDD6-A6C3-4FB0-8B4A-7FDFB5A46E33}"
EndProject
Global
	GlobalSection(SolutionConfigurationPlatforms) = preSolution
		Debug|Win32 = Debug|Win32
		Release|Win32 = Release|Win32
	EndGlobalSection
	GlobalSection(ProjectConfigurationPlatforms) = postSolution
		{32B81350-B29A-4140-9C40-7C40444875AD}.Debug|Win32.ActiveCfg = Debug|Win32
		{32B81350-B29A-4140-9C40-7C40444875AD}.Debug|Win32.Build.0 = Debug|Win32
		{32B81350-B29A-4140-9C40-7C40444875AD}.Release|Win32.ActiveCfg = Release|Win32
		{32B81350-B29A-4140-9C40-7C40444875AD}.Release|Win32.Build.0 = Release|Win32
		{2050A311-17F2-45C8-96BC-14AE41F86CD2}.Debug|Win32.ActiveCfg = Debug|Win32
		{2050A311-17F2-45C8-96BC-14AE41F86CD2}.Debug|Win32.Build.0 = Debug|Win32
		{2050A311-17F2-45C8-96BC-14AE41F86CD2}.Release|Win32.ActiveCfg = Release|Win32
		{2050A311-17F2-45C8-96BC-14AE41F86CD2}.Release|Win32.Build.0 = Release|Win32
		{98FFFDD6-A6C3-4FB0-8B4A-7FDFB5A46E33}.Debug|Win32.ActiveCfg = Debug|Win32
		{98FFFDD6-A6C3-4FB0-8B4A-7FDFB5A46E33}.Debug|Win32.Build.0 = Debug|Win32
		{98FFFDD6-A6C3-4FB0-8B4A-7FDFB5A46E33}.Release|Win32.ActiveCfg = Release|Win32
		{98FFFDD6-A6C3-4FB0-8B4A-7FDFB5A46E33}.Release|Win32.Build.0 = Release|Win32
	EndGlobalSection
	GlobalSection(SolutionProperties) = preSolution
		HideSolutionNode = FALSE
	EndGlobalSection
EndGlobal
