<?xml version="1.0" encoding="utf-8"?>
<Project ToolsVersion="4.0" xmlns="http://schemas.microsoft.com/developer/msbuild/2003">
  <ItemGroup>
    <Filter Include="0.Global">
      <UniqueIdentifier>{4603df0f-856c-4cfb-9df3-1151ced620eb}</UniqueIdentifier>
    </Filter>
  </ItemGroup>
  <ItemGroup>
    <ClInclude Include="..\..\MP4ParserLib\src\DataTypes.h">
      <Filter>0.Global</Filter>
    </ClInclude>
  </ItemGroup>
</Project>